
Microsoft Visual Studio Solution File, Format Version 12.00
# Visual Studio Version 16
VisualStudioVersion = 16.0.30011.22
MinimumVisualStudioVersion = 10.0.40219.1
Project("{FAE04EC0-301F-11D3-BF4B-00C04F79EFBC}") = "myXFToast", "myXFToast\myXFToast.csproj", "{FC369D55-3207-457F-93A0-909C5796458D}"
EndProject
Global
	GlobalSection(SolutionConfigurationPlatforms) = preSolution
		Debug|Any CPU = Debug|Any CPU
		Release|Any CPU = Release|Any CPU
	EndGlobalSection
	GlobalSection(ProjectConfigurationPlatforms) = postSolution
		{FC369D55-3207-457F-93A0-909C5796458D}.Debug|Any CPU.ActiveCfg = Debug|Any CPU
		{FC369D55-3207-457F-93A0-909C5796458D}.Debug|Any CPU.Build.0 = Debug|Any CPU
		{FC369D55-3207-457F-93A0-909C5796458D}.Release|Any CPU.ActiveCfg = Release|Any CPU
		{FC369D55-3207-457F-93A0-909C5796458D}.Release|Any CPU.Build.0 = Release|Any CPU
	EndGlobalSection
	GlobalSection(SolutionProperties) = preSolution
		HideSolutionNode = FALSE
	EndGlobalSection
	GlobalSection(ExtensibilityGlobals) = postSolution
		SolutionGuid = {20B59DD7-21AD-4D11-966A-652AA6C69F1B}
	EndGlobalSection
EndGlobal
